
Microsoft Visual Studio Solution File, Format Version 12.00
# Visual Studio Version 17
VisualStudioVersion = 17.7.34024.191
MinimumVisualStudioVersion = 10.0.40219.1
Project("{9A19103F-16F7-4668-BE54-9A1E7A4F7556}") = "unequal_characters", "unequal_characters.csproj", "{29DAB347-AE90-4D66-B661-D1BFF95EEA06}"
EndProject
Project("{9A19103F-16F7-4668-BE54-9A1E7A4F7556}") = "unequal_charactersTests1", "unequal_charactersTests1\unequal_charactersTests1.csproj", "{1146C4B6-6DFD-4463-84FC-0166AA42D51B}"
EndProject
Global
	GlobalSection(SolutionConfigurationPlatforms) = preSolution
		Debug|Any CPU = Debug|Any CPU
		Release|Any CPU = Release|Any CPU
	EndGlobalSection
	GlobalSection(ProjectConfigurationPlatforms) = postSolution
		{29DAB347-AE90-4D66-B661-D1BFF95EEA06}.Debug|Any CPU.ActiveCfg = Debug|Any CPU
		{29DAB347-AE90-4D66-B661-D1BFF95EEA06}.Debug|Any CPU.Build.0 = Debug|Any CPU
		{29DAB347-AE90-4D66-B661-D1BFF95EEA06}.Release|Any CPU.ActiveCfg = Release|Any CPU
		{29DAB347-AE90-4D66-B661-D1BFF95EEA06}.Release|Any CPU.Build.0 = Release|Any CPU
		{1146C4B6-6DFD-4463-84FC-0166AA42D51B}.Debug|Any CPU.ActiveCfg = Debug|Any CPU
		{1146C4B6-6DFD-4463-84FC-0166AA42D51B}.Debug|Any CPU.Build.0 = Debug|Any CPU
		{1146C4B6-6DFD-4463-84FC-0166AA42D51B}.Release|Any CPU.ActiveCfg = Release|Any CPU
		{1146C4B6-6DFD-4463-84FC-0166AA42D51B}.Release|Any CPU.Build.0 = Release|Any CPU
	EndGlobalSection
	GlobalSection(SolutionProperties) = preSolution
		HideSolutionNode = FALSE
	EndGlobalSection
	GlobalSection(ExtensibilityGlobals) = postSolution
		SolutionGuid = {C6197027-CB06-4082-9CED-C58D7E16CFED}
	EndGlobalSection
EndGlobal
